Microsoft Visual Studio Solution File, Format Version 12.00
# Visual Studio Version 17
VisualStudioVersion = 17.5.2.0
MinimumVisualStudioVersion = 10.0.40219.1
Project("{FAE04EC0-301F-11D3-BF4B-00C04F79EFBC}") = "JobSeeker_server", "JobSeeker_server\JobSeeker_server.csproj", "{B3A285A0-A67F-EA13-B21E-387BE1CA3EF9}"
EndProject
Global
	GlobalSection(SolutionConfigurationPlatforms) = preSolution
		Debug|Any CPU = Debug|Any CPU
		Release|Any CPU = Release|Any CPU
	EndGlobalSection
	GlobalSection(ProjectConfigurationPlatforms) = postSolution
		{5B68813F-23C2-8DF2-1B1F-9033A2893F62}.Debug|Any CPU.ActiveCfg = Debug|Any CPU
		{5B68813F-23C2-8DF2-1B1F-9033A2893F62}.Debug|Any CPU.Build.0 = Debug|Any CPU
		{5B68813F-23C2-8DF2-1B1F-9033A2893F62}.Release|Any CPU.ActiveCfg = Release|Any CPU
		{5B68813F-23C2-8DF2-1B1F-9033A2893F62}.Release|Any CPU.Build.0 = Release|Any CPU
		{B3A285A0-A67F-EA13-B21E-387BE1CA3EF9}.Debug|Any CPU.ActiveCfg = Debug|Any CPU
		{B3A285A0-A67F-EA13-B21E-387BE1CA3EF9}.Debug|Any CPU.Build.0 = Debug|Any CPU
		{B3A285A0-A67F-EA13-B21E-387BE1CA3EF9}.Release|Any CPU.ActiveCfg = Release|Any CPU
		{B3A285A0-A67F-EA13-B21E-387BE1CA3EF9}.Release|Any CPU.Build.0 = Release|Any CPU
	EndGlobalSection
	GlobalSection(SolutionProperties) = preSolution
		HideSolutionNode = FALSE
	EndGlobalSection
	GlobalSection(ExtensibilityGlobals) = postSolution
		SolutionGuid = {A44BCA2A-9EF6-4312-BC6E-2DA1D0A36166}
	EndGlobalSection
EndGlobal
